
Microsoft Visual Studio Solution File, Format Version 12.00
# Visual Studio Version 17
VisualStudioVersion = 17.0.31903.59
MinimumVisualStudioVersion = 10.0.40219.1
Project("{9A19103F-16F7-4668-BE54-9A1E7A4F7556}") = "Uqs.Arithmetic", "Uqs.Arithmetic\Uqs.Arithmetic.csproj", "{DE63C5C7-053C-4AB6-9426-CA2F4F012AC9}"
EndProject
Project("{FAE04EC0-301F-11D3-BF4B-00C04F79EFBC}") = "Uqs.Arithmetic.Tests.Unit", "Uqs.Arithmetic.Tests.Unit\Uqs.Arithmetic.Tests.Unit.csproj", "{11389A34-11B9-4423-B550-578AA7AC1651}"
EndProject
Global
	GlobalSection(SolutionConfigurationPlatforms) = preSolution
		Debug|Any CPU = Debug|Any CPU
		Release|Any CPU = Release|Any CPU
	EndGlobalSection
	GlobalSection(ProjectConfigurationPlatforms) = postSolution
		{DE63C5C7-053C-4AB6-9426-CA2F4F012AC9}.Debug|Any CPU.ActiveCfg = Debug|Any CPU
		{DE63C5C7-053C-4AB6-9426-CA2F4F012AC9}.Debug|Any CPU.Build.0 = Debug|Any CPU
		{DE63C5C7-053C-4AB6-9426-CA2F4F012AC9}.Release|Any CPU.ActiveCfg = Release|Any CPU
		{DE63C5C7-053C-4AB6-9426-CA2F4F012AC9}.Release|Any CPU.Build.0 = Release|Any CPU
		{11389A34-11B9-4423-B550-578AA7AC1651}.Debug|Any CPU.ActiveCfg = Debug|Any CPU
		{11389A34-11B9-4423-B550-578AA7AC1651}.Debug|Any CPU.Build.0 = Debug|Any CPU
		{11389A34-11B9-4423-B550-578AA7AC1651}.Release|Any CPU.ActiveCfg = Release|Any CPU
		{11389A34-11B9-4423-B550-578AA7AC1651}.Release|Any CPU.Build.0 = Release|Any CPU
	EndGlobalSection
	GlobalSection(SolutionProperties) = preSolution
		HideSolutionNode = FALSE
	EndGlobalSection
	GlobalSection(ExtensibilityGlobals) = postSolution
		SolutionGuid = {58C914B6-B162-4BC4-8B41-FD458055590F}
	EndGlobalSection
EndGlobal
